
Microsoft Visual Studio Solution File, Format Version 12.00
# Visual Studio Version 17
VisualStudioVersion = 17.0.31903.59
MinimumVisualStudioVersion = 10.0.40219.1
Project("{9A19103F-16F7-4668-BE54-9A1E7A4F7556}") = "RedPandaOS", "RedPandaOS\RedPandaOS.csproj", "{1720CFC3-0BF9-4954-AB19-524DBED341FF}"
EndProject
Project("{9A19103F-16F7-4668-BE54-9A1E7A4F7556}") = "TestIL", "TestIL\TestIL.csproj", "{7E3FE372-1F38-4884-AB26-5E048CC8B3C9}"
EndProject
Project("{9A19103F-16F7-4668-BE54-9A1E7A4F7556}") = "PELoader", "PELoader\PELoader.csproj", "{A585995B-95DC-48E5-90B2-CE439C30EE15}"
EndProject
Project("{9A19103F-16F7-4668-BE54-9A1E7A4F7556}") = "ILInterpreter", "ILInterpreter\ILInterpreter.csproj", "{99359455-7C30-4B34-B8D6-8955C7CA73B0}"
EndProject
Project("{9A19103F-16F7-4668-BE54-9A1E7A4F7556}") = "ILInterpreter.Tests", "ILInterpreter.Tests\ILInterpreter.Tests.csproj", "{9517780D-7A43-46BC-B92C-21A7AB2AEB48}"
EndProject
Project("{9A19103F-16F7-4668-BE54-9A1E7A4F7556}") = "IL2Asm", "IL2Asm\IL2Asm.csproj", "{6AD4270F-149A-468A-859E-043FEFF8CF50}"
EndProject
Project("{9A19103F-16F7-4668-BE54-9A1E7A4F7556}") = "CPUHelper", "CPUHelper\CPUHelper.csproj", "{8F7BE29B-B914-436D-8CE2-FDE30870842B}"
EndProject
Project("{9A19103F-16F7-4668-BE54-9A1E7A4F7556}") = "IL2Asm.BaseTypes", "IL2Asm.BaseTypes\IL2Asm.BaseTypes.csproj", "{27DD6E68-2808-4C28-AB6A-FDDE9856F780}"
EndProject
Project("{2150E333-8FDC-42A3-9474-1A3956D46DE8}") = "ElfSharp", "ElfSharp", "{ADF63A65-116C-4976-A493-825A1AF5FCCC}"
EndProject
Project("{9A19103F-16F7-4668-BE54-9A1E7A4F7556}") = "ELFSharp", "elfsharp\ELFSharp\ELFSharp.csproj", "{12B96819-8F18-4DE0-A24E-860E72863B33}"
EndProject
Project("{9A19103F-16F7-4668-BE54-9A1E7A4F7556}") = "BuildTools", "BuildTools\BuildTools.csproj", "{C4DEC74D-021B-4AF7-B3ED-4748D7D2A33C}"
EndProject
Project("{9A19103F-16F7-4668-BE54-9A1E7A4F7556}") = "Emulator", "Emulator\Emulator.csproj", "{9D60080A-A0AA-4956-A9C5-19BA63C3F7E9}"
EndProject
Project("{2150E333-8FDC-42A3-9474-1A3956D46DE8}") = "Apps", "Apps", "{B0E08D4E-CD49-4334-BFCF-F5D04991CD67}"
EndProject
Project("{FAE04EC0-301F-11D3-BF4B-00C04F79EFBC}") = "Runtime", "Runtime\Runtime.csproj", "{3620BD58-970D-418C-B36E-FF902DB96F89}"
EndProject
Project("{9A19103F-16F7-4668-BE54-9A1E7A4F7556}") = "uname", "apps\uname\uname.csproj", "{2CF2D376-AE0C-4009-B3BB-B757051D8939}"
EndProject
Project("{FAE04EC0-301F-11D3-BF4B-00C04F79EFBC}") = "Bootloader", "Bootloader\Bootloader.csproj", "{B15ED00A-A7E1-437A-9211-51F749BC1E58}"
EndProject
Global
	GlobalSection(SolutionConfigurationPlatforms) = preSolution
		Debug|Any CPU = Debug|Any CPU
		Release|Any CPU = Release|Any CPU
	EndGlobalSection
	GlobalSection(ProjectConfigurationPlatforms) = postSolution
		{1720CFC3-0BF9-4954-AB19-524DBED341FF}.Debug|Any CPU.ActiveCfg = Debug|Any CPU
		{1720CFC3-0BF9-4954-AB19-524DBED341FF}.Debug|Any CPU.Build.0 = Debug|Any CPU
		{1720CFC3-0BF9-4954-AB19-524DBED341FF}.Release|Any CPU.ActiveCfg = Release|Any CPU
		{1720CFC3-0BF9-4954-AB19-524DBED341FF}.Release|Any CPU.Build.0 = Release|Any CPU
		{7E3FE372-1F38-4884-AB26-5E048CC8B3C9}.Debug|Any CPU.ActiveCfg = Debug|Any CPU
		{7E3FE372-1F38-4884-AB26-5E048CC8B3C9}.Debug|Any CPU.Build.0 = Debug|Any CPU
		{7E3FE372-1F38-4884-AB26-5E048CC8B3C9}.Release|Any CPU.ActiveCfg = Release|Any CPU
		{7E3FE372-1F38-4884-AB26-5E048CC8B3C9}.Release|Any CPU.Build.0 = Release|Any CPU
		{A585995B-95DC-48E5-90B2-CE439C30EE15}.Debug|Any CPU.ActiveCfg = Debug|Any CPU
		{A585995B-95DC-48E5-90B2-CE439C30EE15}.Debug|Any CPU.Build.0 = Debug|Any CPU
		{A585995B-95DC-48E5-90B2-CE439C30EE15}.Release|Any CPU.ActiveCfg = Release|Any CPU
		{A585995B-95DC-48E5-90B2-CE439C30EE15}.Release|Any CPU.Build.0 = Release|Any CPU
		{99359455-7C30-4B34-B8D6-8955C7CA73B0}.Debug|Any CPU.ActiveCfg = Debug|Any CPU
		{99359455-7C30-4B34-B8D6-8955C7CA73B0}.Debug|Any CPU.Build.0 = Debug|Any CPU
		{99359455-7C30-4B34-B8D6-8955C7CA73B0}.Release|Any CPU.ActiveCfg = Release|Any CPU
		{99359455-7C30-4B34-B8D6-8955C7CA73B0}.Release|Any CPU.Build.0 = Release|Any CPU
		{9517780D-7A43-46BC-B92C-21A7AB2AEB48}.Debug|Any CPU.ActiveCfg = Debug|Any CPU
		{9517780D-7A43-46BC-B92C-21A7AB2AEB48}.Debug|Any CPU.Build.0 = Debug|Any CPU
		{9517780D-7A43-46BC-B92C-21A7AB2AEB48}.Release|Any CPU.ActiveCfg = Release|Any CPU
		{9517780D-7A43-46BC-B92C-21A7AB2AEB48}.Release|Any CPU.Build.0 = Release|Any CPU
		{6AD4270F-149A-468A-859E-043FEFF8CF50}.Debug|Any CPU.ActiveCfg = Debug|Any CPU
		{6AD4270F-149A-468A-859E-043FEFF8CF50}.Debug|Any CPU.Build.0 = Debug|Any CPU
		{6AD4270F-149A-468A-859E-043FEFF8CF50}.Release|Any CPU.ActiveCfg = Release|Any CPU
		{6AD4270F-149A-468A-859E-043FEFF8CF50}.Release|Any CPU.Build.0 = Release|Any CPU
		{8F7BE29B-B914-436D-8CE2-FDE30870842B}.Debug|Any CPU.ActiveCfg = Debug|Any CPU
		{8F7BE29B-B914-436D-8CE2-FDE30870842B}.Debug|Any CPU.Build.0 = Debug|Any CPU
		{8F7BE29B-B914-436D-8CE2-FDE30870842B}.Release|Any CPU.ActiveCfg = Release|Any CPU
		{8F7BE29B-B914-436D-8CE2-FDE30870842B}.Release|Any CPU.Build.0 = Release|Any CPU
		{27DD6E68-2808-4C28-AB6A-FDDE9856F780}.Debug|Any CPU.ActiveCfg = Debug|Any CPU
		{27DD6E68-2808-4C28-AB6A-FDDE9856F780}.Debug|Any CPU.Build.0 = Debug|Any CPU
		{27DD6E68-2808-4C28-AB6A-FDDE9856F780}.Release|Any CPU.ActiveCfg = Release|Any CPU
		{27DD6E68-2808-4C28-AB6A-FDDE9856F780}.Release|Any CPU.Build.0 = Release|Any CPU
		{12B96819-8F18-4DE0-A24E-860E72863B33}.Debug|Any CPU.ActiveCfg = Debug|Any CPU
		{12B96819-8F18-4DE0-A24E-860E72863B33}.Debug|Any CPU.Build.0 = Debug|Any CPU
		{12B96819-8F18-4DE0-A24E-860E72863B33}.Release|Any CPU.ActiveCfg = Release|Any CPU
		{12B96819-8F18-4DE0-A24E-860E72863B33}.Release|Any CPU.Build.0 = Release|Any CPU
		{C4DEC74D-021B-4AF7-B3ED-4748D7D2A33C}.Debug|Any CPU.ActiveCfg = Debug|Any CPU
		{C4DEC74D-021B-4AF7-B3ED-4748D7D2A33C}.Debug|Any CPU.Build.0 = Debug|Any CPU
		{C4DEC74D-021B-4AF7-B3ED-4748D7D2A33C}.Release|Any CPU.ActiveCfg = Release|Any CPU
		{C4DEC74D-021B-4AF7-B3ED-4748D7D2A33C}.Release|Any CPU.Build.0 = Release|Any CPU
		{9D60080A-A0AA-4956-A9C5-19BA63C3F7E9}.Debug|Any CPU.ActiveCfg = Debug|Any CPU
		{9D60080A-A0AA-4956-A9C5-19BA63C3F7E9}.Debug|Any CPU.Build.0 = Debug|Any CPU
		{9D60080A-A0AA-4956-A9C5-19BA63C3F7E9}.Release|Any CPU.ActiveCfg = Release|Any CPU
		{9D60080A-A0AA-4956-A9C5-19BA63C3F7E9}.Release|Any CPU.Build.0 = Release|Any CPU
		{3620BD58-970D-418C-B36E-FF902DB96F89}.Debug|Any CPU.ActiveCfg = Debug|Any CPU
		{3620BD58-970D-418C-B36E-FF902DB96F89}.Debug|Any CPU.Build.0 = Debug|Any CPU
		{3620BD58-970D-418C-B36E-FF902DB96F89}.Release|Any CPU.ActiveCfg = Release|Any CPU
		{3620BD58-970D-418C-B36E-FF902DB96F89}.Release|Any CPU.Build.0 = Release|Any CPU
		{2CF2D376-AE0C-4009-B3BB-B757051D8939}.Debug|Any CPU.ActiveCfg = Debug|Any CPU
		{2CF2D376-AE0C-4009-B3BB-B757051D8939}.Debug|Any CPU.Build.0 = Debug|Any CPU
		{2CF2D376-AE0C-4009-B3BB-B757051D8939}.Release|Any CPU.ActiveCfg = Release|Any CPU
		{2CF2D376-AE0C-4009-B3BB-B757051D8939}.Release|Any CPU.Build.0 = Release|Any CPU
		{B15ED00A-A7E1-437A-9211-51F749BC1E58}.Debug|Any CPU.ActiveCfg = Debug|Any CPU
		{B15ED00A-A7E1-437A-9211-51F749BC1E58}.Debug|Any CPU.Build.0 = Debug|Any CPU
		{B15ED00A-A7E1-437A-9211-51F749BC1E58}.Release|Any CPU.ActiveCfg = Release|Any CPU
		{B15ED00A-A7E1-437A-9211-51F749BC1E58}.Release|Any CPU.Build.0 = Release|Any CPU
	EndGlobalSection
	GlobalSection(SolutionProperties) = preSolution
		HideSolutionNode = FALSE
	EndGlobalSection
	GlobalSection(NestedProjects) = preSolution
		{12B96819-8F18-4DE0-A24E-860E72863B33} = {ADF63A65-116C-4976-A493-825A1AF5FCCC}
		{2CF2D376-AE0C-4009-B3BB-B757051D8939} = {B0E08D4E-CD49-4334-BFCF-F5D04991CD67}
	EndGlobalSection
	GlobalSection(ExtensibilityGlobals) = postSolution
		SolutionGuid = {E183039B-8B02-4585-BBCB-F048BC038D93}
	EndGlobalSection
EndGlobal
